<?xml version="1.0" encoding="utf-8"?>
<Project ToolsVersion="4.0" xmlns="http://schemas.microsoft.com/developer/msbuild/2003">
  <ItemGroup>
    <Filter Include="Source Files">
      <UniqueIdentifier>{4FC737F1-C7A5-4376-A066-2A32D752A2FF}</UniqueIdentifier>
      <Extensions>cpp;c;cc;cxx;def;odl;idl;hpj;bat;asm;asmx</Extensions>
    </Filter>
    <Filter Include="Header Files">
      <UniqueIdentifier>{93995380-89BD-4b04-88EB-625FBE52EBFB}</UniqueIdentifier>
      <Extensions>h;hh;hpp;hxx;hm;inl;inc;xsd</Extensions>
    </Filter>
    <Filter Include="Resource Files">
      <UniqueIdentifier>{67DA6AB6-F800-4c08-8B7A-83BB121AAD01}</UniqueIdentifier>
      <Extensions>rc;ico;cur;bmp;dlg;rc2;rct;bin;rgs;gif;jpg;jpeg;jpe;resx;tiff;tif;png;wav</Extensions>
    </Filter>
    <Filter Include="Source Files\SSAO">
      <UniqueIdentifier>{d0c1e52c-caa4-4c98-921c-cc6c108d0afd}</UniqueIdentifier>
    </Filter>
    <Filter Include="Source Files\VBO">
      <UniqueIdentifier>{9f969c14-c8db-44a5-9c0e-88fc90e3c4af}</UniqueIdentifier>
    </Filter>
  </ItemGroup>
  <ItemGroup>
    <ClCompile Include="glHandle.cpp">
      <Filter>Source Files</Filter>
    </ClCompile>
    <ClCompile Include="main.cpp">
      <Filter>Source Files</Filter>
    </ClCompile>
    <ClCompile Include="Model.cpp">
      <Filter>Source Files</Filter>
    </ClCompile>
    <ClCompile Include="ModelHandle.cpp">
      <Filter>Source Files</Filter>
    </ClCompile>
    <ClCompile Include="PhongShader.cpp">
      <Filter>Source Files</Filter>
    </ClCompile>
    <ClCompile Include="programHandle.cpp">
      <Filter>Source Files</Filter>
    </ClCompile>
    <ClCompile Include="Shader.cpp">
      <Filter>Source Files</Filter>
    </ClCompile>
    <ClCompile Include="shaderHandle.cpp">
      <Filter>Source Files</Filter>
    </ClCompile>
    <ClCompile Include="ToonShader.cpp">
      <Filter>Source Files</Filter>
    </ClCompile>
    <ClCompile Include="DepthShadow.cpp">
      <Filter>Source Files</Filter>
    </ClCompile>
    <ClCompile Include="frustum.cpp">
      <Filter>Header Files</Filter>
    </ClCompile>
    <ClCompile Include="SSAO.cpp">
      <Filter>Source Files\SSAO</Filter>
    </ClCompile>
    <ClCompile Include="VBOCube.cpp">
      <Filter>Source Files\VBO</Filter>
    </ClCompile>
    <ClCompile Include="VBOMesh.cpp">
      <Filter>Source Files\VBO</Filter>
    </ClCompile>
    <ClCompile Include="VBOPlane.cpp">
      <Filter>Source Files\VBO</Filter>
    </ClCompile>
    <ClCompile Include="VBOTeapot.cpp">
      <Filter>Source Files\VBO</Filter>
    </ClCompile>
    <ClCompile Include="vbotorus.cpp">
      <Filter>Source Files\VBO</Filter>
    </ClCompile>
  </ItemGroup>
  <ItemGroup>
    <ClInclude Include="glHandle.h">
      <Filter>Header Files</Filter>
    </ClInclude>
    <ClInclude Include="Model.h">
      <Filter>Header Files</Filter>
    </ClInclude>
    <ClInclude Include="ModelHandle.h">
      <Filter>Header Files</Filter>
    </ClInclude>
    <ClInclude Include="PhongShader.h">
      <Filter>Header Files</Filter>
    </ClInclude>
    <ClInclude Include="programHandle.h">
      <Filter>Header Files</Filter>
    </ClInclude>
    <ClInclude Include="Shader.h">
      <Filter>Header Files</Filter>
    </ClInclude>
    <ClInclude Include="shaderHandle.h">
      <Filter>Header Files</Filter>
    </ClInclude>
    <ClInclude Include="TeapotData.h">
      <Filter>Header Files</Filter>
    </ClInclude>
    <ClInclude Include="ToonShader.h">
      <Filter>Header Files</Filter>
    </ClInclude>
    <ClInclude Include="vbotorus.h">
      <Filter>Header Files</Filter>
    </ClInclude>
    <ClInclude Include="DepthShadow.h">
      <Filter>Header Files</Filter>
    </ClInclude>
    <ClInclude Include="frustum.h">
      <Filter>Header Files</Filter>
    </ClInclude>
    <ClInclude Include="defines.h">
      <Filter>Header Files</Filter>
    </ClInclude>
    <ClInclude Include="SSAO.h">
      <Filter>Source Files\SSAO</Filter>
    </ClInclude>
    <ClInclude Include="VBOCube.h">
      <Filter>Source Files\VBO</Filter>
    </ClInclude>
    <ClInclude Include="VBOMesh.h">
      <Filter>Source Files\VBO</Filter>
    </ClInclude>
    <ClInclude Include="VBOPlane.h">
      <Filter>Source Files\VBO</Filter>
    </ClInclude>
    <ClInclude Include="VBOTeapot.h">
      <Filter>Source Files\VBO</Filter>
    </ClInclude>
  </ItemGroup>
</Project>